
Microsoft Visual Studio Solution File, Format Version 12.00
# Visual Studio Version 16
VisualStudioVersion = 16.0.30114.105
MinimumVisualStudioVersion = 10.0.40219.1
Project("{2150E333-8FDC-42A3-9474-1A3956D46DE8}") = "src", "src", "{76250105-4033-4A62-8DEC-5BB6AC941727}"
EndProject
Project("{2150E333-8FDC-42A3-9474-1A3956D46DE8}") = "BuildingBlocks", "BuildingBlocks", "{7926BBB0-A91E-42CB-B186-289A00805466}"
EndProject
Project("{2150E333-8FDC-42A3-9474-1A3956D46DE8}") = "Services", "Services", "{53BFAB28-5F17-49DD-8FE4-244F51747F3A}"
EndProject
Project("{2150E333-8FDC-42A3-9474-1A3956D46DE8}") = "Web", "Web", "{A1FE38B5-78DB-4E34-8794-377461127AD8}"
EndProject
Project("{2150E333-8FDC-42A3-9474-1A3956D46DE8}") = "Identidade", "Identidade", "{3F8BB968-5A47-45E9-A5DE-8CF4A0C2AD2E}"
EndProject
Project("{FAE04EC0-301F-11D3-BF4B-00C04F79EFBC}") = "DSE.Identidade.API", "src\Services\DSE.Identidade.API\DSE.Identidade.API.csproj", "{FE06A948-EC01-4C3A-8DB2-EB0FD8CDEAF6}"
EndProject
Project("{2150E333-8FDC-42A3-9474-1A3956D46DE8}") = "Core", "Core", "{2F7AD219-7745-4829-B682-43F698F56F48}"
EndProject
Project("{FAE04EC0-301F-11D3-BF4B-00C04F79EFBC}") = "DSE.Core", "src\BuildingBlocks\DSE.Core\DSE.Core.csproj", "{B851ABC4-D851-4C74-A848-714773488F23}"
EndProject
Project("{2150E333-8FDC-42A3-9474-1A3956D46DE8}") = "MVC", "MVC", "{7C337D71-938F-4C0C-8619-7E72EB498B36}"
EndProject
Project("{FAE04EC0-301F-11D3-BF4B-00C04F79EFBC}") = "DSE.WebApp.MVC", "src\Web\DSE.WebApp.MVC\DSE.WebApp.MVC.csproj", "{697FD8B9-74B8-44C8-BB23-F55BE68B8977}"
EndProject
Project("{2150E333-8FDC-42A3-9474-1A3956D46DE8}") = "Carrinho", "Carrinho", "{10A30A79-1A0F-46E0-980F-7DCDA77DBAB6}"
EndProject
Project("{2150E333-8FDC-42A3-9474-1A3956D46DE8}") = "Catalogo", "Catalogo", "{82A017CB-88DD-4136-AFFF-9630992F309E}"
EndProject
Project("{2150E333-8FDC-42A3-9474-1A3956D46DE8}") = "Cliente", "Cliente", "{EB846962-4344-44F3-91A6-3323DB96B551}"
EndProject
Project("{2150E333-8FDC-42A3-9474-1A3956D46DE8}") = "Pagamento", "Pagamento", "{933A74B7-5F73-4ED7-B387-AAA35F7B4896}"
EndProject
Project("{2150E333-8FDC-42A3-9474-1A3956D46DE8}") = "Pedido", "Pedido", "{92FCAFDF-1B44-4FE8-BA41-9FBD8AF558F6}"
EndProject
Project("{FAE04EC0-301F-11D3-BF4B-00C04F79EFBC}") = "DSE.Carrinho.API", "src\Services\DSE.Carrinho.API\DSE.Carrinho.API.csproj", "{9FBCA60E-ABC3-4A16-9491-C8A9175CF833}"
EndProject
Project("{FAE04EC0-301F-11D3-BF4B-00C04F79EFBC}") = "DSE.Catalogo.API", "src\Services\DSE.Catalogo.API\DSE.Catalogo.API.csproj", "{07A093E2-7AB0-486E-9039-2FD1F16F59FB}"
EndProject
Project("{FAE04EC0-301F-11D3-BF4B-00C04F79EFBC}") = "DSE.Cliente.API", "src\Services\DSE.Cliente.API\DSE.Cliente.API.csproj", "{42553BD8-9565-41DF-A1CF-29112A325DBA}"
EndProject
Project("{FAE04EC0-301F-11D3-BF4B-00C04F79EFBC}") = "DSE.Pagamento.API", "src\Services\DSE.Pagamento.API\DSE.Pagamento.API.csproj", "{9E8A5735-FD57-4EC9-9206-277865340BD9}"
EndProject
Project("{FAE04EC0-301F-11D3-BF4B-00C04F79EFBC}") = "DSE.Pedido.API", "src\Services\DSE.Pedido.API\DSE.Pedido.API.csproj", "{494B4841-12FC-480B-AB81-04A9C1C68F2F}"
EndProject
Global
	GlobalSection(SolutionConfigurationPlatforms) = preSolution
		Debug|Any CPU = Debug|Any CPU
		Release|Any CPU = Release|Any CPU
	EndGlobalSection
	GlobalSection(ProjectConfigurationPlatforms) = postSolution
		{FE06A948-EC01-4C3A-8DB2-EB0FD8CDEAF6}.Debug|Any CPU.ActiveCfg = Debug|Any CPU
		{FE06A948-EC01-4C3A-8DB2-EB0FD8CDEAF6}.Debug|Any CPU.Build.0 = Debug|Any CPU
		{FE06A948-EC01-4C3A-8DB2-EB0FD8CDEAF6}.Release|Any CPU.ActiveCfg = Release|Any CPU
		{FE06A948-EC01-4C3A-8DB2-EB0FD8CDEAF6}.Release|Any CPU.Build.0 = Release|Any CPU
		{B851ABC4-D851-4C74-A848-714773488F23}.Debug|Any CPU.ActiveCfg = Debug|Any CPU
		{B851ABC4-D851-4C74-A848-714773488F23}.Debug|Any CPU.Build.0 = Debug|Any CPU
		{B851ABC4-D851-4C74-A848-714773488F23}.Release|Any CPU.ActiveCfg = Release|Any CPU
		{B851ABC4-D851-4C74-A848-714773488F23}.Release|Any CPU.Build.0 = Release|Any CPU
		{697FD8B9-74B8-44C8-BB23-F55BE68B8977}.Debug|Any CPU.ActiveCfg = Debug|Any CPU
		{697FD8B9-74B8-44C8-BB23-F55BE68B8977}.Debug|Any CPU.Build.0 = Debug|Any CPU
		{697FD8B9-74B8-44C8-BB23-F55BE68B8977}.Release|Any CPU.ActiveCfg = Release|Any CPU
		{697FD8B9-74B8-44C8-BB23-F55BE68B8977}.Release|Any CPU.Build.0 = Release|Any CPU
		{9FBCA60E-ABC3-4A16-9491-C8A9175CF833}.Debug|Any CPU.ActiveCfg = Debug|Any CPU
		{9FBCA60E-ABC3-4A16-9491-C8A9175CF833}.Debug|Any CPU.Build.0 = Debug|Any CPU
		{9FBCA60E-ABC3-4A16-9491-C8A9175CF833}.Release|Any CPU.ActiveCfg = Release|Any CPU
		{9FBCA60E-ABC3-4A16-9491-C8A9175CF833}.Release|Any CPU.Build.0 = Release|Any CPU
		{07A093E2-7AB0-486E-9039-2FD1F16F59FB}.Debug|Any CPU.ActiveCfg = Debug|Any CPU
		{07A093E2-7AB0-486E-9039-2FD1F16F59FB}.Debug|Any CPU.Build.0 = Debug|Any CPU
		{07A093E2-7AB0-486E-9039-2FD1F16F59FB}.Release|Any CPU.ActiveCfg = Release|Any CPU
		{07A093E2-7AB0-486E-9039-2FD1F16F59FB}.Release|Any CPU.Build.0 = Release|Any CPU
		{42553BD8-9565-41DF-A1CF-29112A325DBA}.Debug|Any CPU.ActiveCfg = Debug|Any CPU
		{42553BD8-9565-41DF-A1CF-29112A325DBA}.Debug|Any CPU.Build.0 = Debug|Any CPU
		{42553BD8-9565-41DF-A1CF-29112A325DBA}.Release|Any CPU.ActiveCfg = Release|Any CPU
		{42553BD8-9565-41DF-A1CF-29112A325DBA}.Release|Any CPU.Build.0 = Release|Any CPU
		{9E8A5735-FD57-4EC9-9206-277865340BD9}.Debug|Any CPU.ActiveCfg = Debug|Any CPU
		{9E8A5735-FD57-4EC9-9206-277865340BD9}.Debug|Any CPU.Build.0 = Debug|Any CPU
		{9E8A5735-FD57-4EC9-9206-277865340BD9}.Release|Any CPU.ActiveCfg = Release|Any CPU
		{9E8A5735-FD57-4EC9-9206-277865340BD9}.Release|Any CPU.Build.0 = Release|Any CPU
		{494B4841-12FC-480B-AB81-04A9C1C68F2F}.Debug|Any CPU.ActiveCfg = Debug|Any CPU
		{494B4841-12FC-480B-AB81-04A9C1C68F2F}.Debug|Any CPU.Build.0 = Debug|Any CPU
		{494B4841-12FC-480B-AB81-04A9C1C68F2F}.Release|Any CPU.ActiveCfg = Release|Any CPU
		{494B4841-12FC-480B-AB81-04A9C1C68F2F}.Release|Any CPU.Build.0 = Release|Any CPU
	EndGlobalSection
	GlobalSection(SolutionProperties) = preSolution
		HideSolutionNode = FALSE
	EndGlobalSection
	GlobalSection(NestedProjects) = preSolution
		{7926BBB0-A91E-42CB-B186-289A00805466} = {76250105-4033-4A62-8DEC-5BB6AC941727}
		{53BFAB28-5F17-49DD-8FE4-244F51747F3A} = {76250105-4033-4A62-8DEC-5BB6AC941727}
		{A1FE38B5-78DB-4E34-8794-377461127AD8} = {76250105-4033-4A62-8DEC-5BB6AC941727}
		{3F8BB968-5A47-45E9-A5DE-8CF4A0C2AD2E} = {53BFAB28-5F17-49DD-8FE4-244F51747F3A}
		{FE06A948-EC01-4C3A-8DB2-EB0FD8CDEAF6} = {3F8BB968-5A47-45E9-A5DE-8CF4A0C2AD2E}
		{2F7AD219-7745-4829-B682-43F698F56F48} = {7926BBB0-A91E-42CB-B186-289A00805466}
		{B851ABC4-D851-4C74-A848-714773488F23} = {2F7AD219-7745-4829-B682-43F698F56F48}
		{7C337D71-938F-4C0C-8619-7E72EB498B36} = {A1FE38B5-78DB-4E34-8794-377461127AD8}
		{697FD8B9-74B8-44C8-BB23-F55BE68B8977} = {7C337D71-938F-4C0C-8619-7E72EB498B36}
		{10A30A79-1A0F-46E0-980F-7DCDA77DBAB6} = {53BFAB28-5F17-49DD-8FE4-244F51747F3A}
		{82A017CB-88DD-4136-AFFF-9630992F309E} = {53BFAB28-5F17-49DD-8FE4-244F51747F3A}
		{EB846962-4344-44F3-91A6-3323DB96B551} = {53BFAB28-5F17-49DD-8FE4-244F51747F3A}
		{933A74B7-5F73-4ED7-B387-AAA35F7B4896} = {53BFAB28-5F17-49DD-8FE4-244F51747F3A}
		{92FCAFDF-1B44-4FE8-BA41-9FBD8AF558F6} = {53BFAB28-5F17-49DD-8FE4-244F51747F3A}
		{9FBCA60E-ABC3-4A16-9491-C8A9175CF833} = {10A30A79-1A0F-46E0-980F-7DCDA77DBAB6}
		{07A093E2-7AB0-486E-9039-2FD1F16F59FB} = {82A017CB-88DD-4136-AFFF-9630992F309E}
		{42553BD8-9565-41DF-A1CF-29112A325DBA} = {EB846962-4344-44F3-91A6-3323DB96B551}
		{9E8A5735-FD57-4EC9-9206-277865340BD9} = {933A74B7-5F73-4ED7-B387-AAA35F7B4896}
		{494B4841-12FC-480B-AB81-04A9C1C68F2F} = {92FCAFDF-1B44-4FE8-BA41-9FBD8AF558F6}
	EndGlobalSection
	GlobalSection(ExtensibilityGlobals) = postSolution
		SolutionGuid = {DEE50227-12C2-4D3C-A605-E7789169F5D5}
	EndGlobalSection
EndGlobal
